
Microsoft Visual Studio Solution File, Format Version 12.00
# Visual Studio 14
VisualStudioVersion = 14.0.24720.0
MinimumVisualStudioVersion = 10.0.40219.1
Project("{FAE04EC0-301F-11D3-BF4B-00C04F79EFBC}") = "MathData", "MathData\MathData.csproj", "{8F6CF006-5F94-4E25-AA0B-7487B9392032}"
EndProject
Project("{FAE04EC0-301F-11D3-BF4B-00C04F79EFBC}") = "ClientView", "ClientView\ClientView.csproj", "{5C9BE1B9-DFAC-4E0D-BA84-F390CC0BE830}"
	ProjectSection(ProjectDependencies) = postProject
		{7289A62A-4305-4388-A690-2E2A170C49B0} = {7289A62A-4305-4388-A690-2E2A170C49B0}
	EndProjectSection
EndProject
Project("{FAE04EC0-301F-11D3-BF4B-00C04F79EFBC}") = "StudentWarDataServer", "StudentWarDataServer\StudentWarDataServer.csproj", "{7289A62A-4305-4388-A690-2E2A170C49B0}"
EndProject
Project("{FAE04EC0-301F-11D3-BF4B-00C04F79EFBC}") = "DataAccess", "DataAccess\DataAccess.csproj", "{5F447564-DF81-42B2-8521-FCFE3A30C96A}"
EndProject
Project("{FAE04EC0-301F-11D3-BF4B-00C04F79EFBC}") = "BusinessData", "BusinessData\BusinessData.csproj", "{4FB6E4CD-1187-46A9-85B2-87642E45107C}"
EndProject
Project("{FAE04EC0-301F-11D3-BF4B-00C04F79EFBC}") = "Entities", "Entities\Entities.csproj", "{A6590500-B582-4FE8-88B5-C820E650EF89}"
EndProject
Project("{2150E333-8FDC-42A3-9474-1A3956D46DE8}") = "Server", "Server", "{BCE601D6-E442-410F-8379-756A059E8BA4}"
EndProject
Project("{2150E333-8FDC-42A3-9474-1A3956D46DE8}") = "Client", "Client", "{6EF77CDE-7C7D-429E-999C-DC43DD8D5E17}"
EndProject
Project("{2150E333-8FDC-42A3-9474-1A3956D46DE8}") = "Common", "Common", "{72C2BAB0-9A10-4C9E-A4C4-10D2ABA67C95}"
EndProject
Project("{FAE04EC0-301F-11D3-BF4B-00C04F79EFBC}") = "HomeWorkCommon", "HomeWorkCommon\HomeWorkCommon.csproj", "{0FF5236A-57AC-412F-B63C-11760C66667C}"
EndProject
Global
	GlobalSection(SolutionConfigurationPlatforms) = preSolution
		Debug|Any CPU = Debug|Any CPU
		Release|Any CPU = Release|Any CPU
	EndGlobalSection
	GlobalSection(ProjectConfigurationPlatforms) = postSolution
		{8F6CF006-5F94-4E25-AA0B-7487B9392032}.Debug|Any CPU.ActiveCfg = Debug|Any CPU
		{8F6CF006-5F94-4E25-AA0B-7487B9392032}.Debug|Any CPU.Build.0 = Debug|Any CPU
		{8F6CF006-5F94-4E25-AA0B-7487B9392032}.Release|Any CPU.ActiveCfg = Release|Any CPU
		{8F6CF006-5F94-4E25-AA0B-7487B9392032}.Release|Any CPU.Build.0 = Release|Any CPU
		{5C9BE1B9-DFAC-4E0D-BA84-F390CC0BE830}.Debug|Any CPU.ActiveCfg = Debug|Any CPU
		{5C9BE1B9-DFAC-4E0D-BA84-F390CC0BE830}.Debug|Any CPU.Build.0 = Debug|Any CPU
		{5C9BE1B9-DFAC-4E0D-BA84-F390CC0BE830}.Release|Any CPU.ActiveCfg = Release|Any CPU
		{5C9BE1B9-DFAC-4E0D-BA84-F390CC0BE830}.Release|Any CPU.Build.0 = Release|Any CPU
		{7289A62A-4305-4388-A690-2E2A170C49B0}.Debug|Any CPU.ActiveCfg = Debug|Any CPU
		{7289A62A-4305-4388-A690-2E2A170C49B0}.Debug|Any CPU.Build.0 = Debug|Any CPU
		{7289A62A-4305-4388-A690-2E2A170C49B0}.Release|Any CPU.ActiveCfg = Release|Any CPU
		{7289A62A-4305-4388-A690-2E2A170C49B0}.Release|Any CPU.Build.0 = Release|Any CPU
		{5F447564-DF81-42B2-8521-FCFE3A30C96A}.Debug|Any CPU.ActiveCfg = Debug|Any CPU
		{5F447564-DF81-42B2-8521-FCFE3A30C96A}.Debug|Any CPU.Build.0 = Debug|Any CPU
		{5F447564-DF81-42B2-8521-FCFE3A30C96A}.Release|Any CPU.ActiveCfg = Release|Any CPU
		{5F447564-DF81-42B2-8521-FCFE3A30C96A}.Release|Any CPU.Build.0 = Release|Any CPU
		{4FB6E4CD-1187-46A9-85B2-87642E45107C}.Debug|Any CPU.ActiveCfg = Debug|Any CPU
		{4FB6E4CD-1187-46A9-85B2-87642E45107C}.Debug|Any CPU.Build.0 = Debug|Any CPU
		{4FB6E4CD-1187-46A9-85B2-87642E45107C}.Release|Any CPU.ActiveCfg = Release|Any CPU
		{4FB6E4CD-1187-46A9-85B2-87642E45107C}.Release|Any CPU.Build.0 = Release|Any CPU
		{A6590500-B582-4FE8-88B5-C820E650EF89}.Debug|Any CPU.ActiveCfg = Debug|Any CPU
		{A6590500-B582-4FE8-88B5-C820E650EF89}.Debug|Any CPU.Build.0 = Debug|Any CPU
		{A6590500-B582-4FE8-88B5-C820E650EF89}.Release|Any CPU.ActiveCfg = Release|Any CPU
		{A6590500-B582-4FE8-88B5-C820E650EF89}.Release|Any CPU.Build.0 = Release|Any CPU
		{0FF5236A-57AC-412F-B63C-11760C66667C}.Debug|Any CPU.ActiveCfg = Debug|Any CPU
		{0FF5236A-57AC-412F-B63C-11760C66667C}.Debug|Any CPU.Build.0 = Debug|Any CPU
		{0FF5236A-57AC-412F-B63C-11760C66667C}.Release|Any CPU.ActiveCfg = Release|Any CPU
		{0FF5236A-57AC-412F-B63C-11760C66667C}.Release|Any CPU.Build.0 = Release|Any CPU
	EndGlobalSection
	GlobalSection(SolutionProperties) = preSolution
		HideSolutionNode = FALSE
	EndGlobalSection
	GlobalSection(NestedProjects) = preSolution
		{8F6CF006-5F94-4E25-AA0B-7487B9392032} = {6EF77CDE-7C7D-429E-999C-DC43DD8D5E17}
		{5C9BE1B9-DFAC-4E0D-BA84-F390CC0BE830} = {6EF77CDE-7C7D-429E-999C-DC43DD8D5E17}
		{7289A62A-4305-4388-A690-2E2A170C49B0} = {BCE601D6-E442-410F-8379-756A059E8BA4}
		{5F447564-DF81-42B2-8521-FCFE3A30C96A} = {BCE601D6-E442-410F-8379-756A059E8BA4}
		{4FB6E4CD-1187-46A9-85B2-87642E45107C} = {BCE601D6-E442-410F-8379-756A059E8BA4}
		{A6590500-B582-4FE8-88B5-C820E650EF89} = {72C2BAB0-9A10-4C9E-A4C4-10D2ABA67C95}
		{0FF5236A-57AC-412F-B63C-11760C66667C} = {72C2BAB0-9A10-4C9E-A4C4-10D2ABA67C95}
	EndGlobalSection
EndGlobal
